
Microsoft Visual Studio Solution File, Format Version 12.00
# Visual Studio 15
VisualStudioVersion = 15.0.26228.4
MinimumVisualStudioVersion = 10.0.40219.1
Project("{9A19103F-16F7-4668-BE54-9A1E7A4F7556}") = "KBM.Web", "KBM.Web\KBM.Web.csproj", "{F0D02887-1074-4D48-BAAC-075B7EA0BDAE}"
EndProject
Project("{2150E333-8FDC-42A3-9474-1A3956D46DE8}") = "WebService", "WebService", "{688ABB33-F21E-49A9-A880-31C2F401A633}"
EndProject
Project("{2150E333-8FDC-42A3-9474-1A3956D46DE8}") = "MobileApp", "MobileApp", "{F300D51F-BFB4-4CA9-8346-3A6854E69B66}"
EndProject
Project("{FAE04EC0-301F-11D3-BF4B-00C04F79EFBC}") = "KBM.Mobile.Android", "KBM.Mobile\KBM.Mobile.Android\KBM.Mobile.Android.csproj", "{C0772BAA-9FCA-427E-8327-FA4A9B6FBC27}"
EndProject
Project("{FAE04EC0-301F-11D3-BF4B-00C04F79EFBC}") = "KBM.Mobile", "KBM.Mobile\KBM.Mobile\KBM.Mobile.csproj", "{07E905C3-2D6D-4772-BFFE-4D6606820F73}"
EndProject
Project("{FAE04EC0-301F-11D3-BF4B-00C04F79EFBC}") = "KBM.Mobile.UWP", "KBM.Mobile\KBM.Mobile.UWP\KBM.Mobile.UWP.csproj", "{37930FFA-5B8D-49D9-B68A-77AB9A2742FA}"
EndProject
Project("{FAE04EC0-301F-11D3-BF4B-00C04F79EFBC}") = "KBM.Mobile.iOS", "KBM.Mobile\KBM.Mobile.iOS\KBM.Mobile.iOS.csproj", "{196DF33C-9581-4055-A544-F14E325E8FD1}"
EndProject
Global
	GlobalSection(SolutionConfigurationPlatforms) = preSolution
		Ad-Hoc|Any CPU = Ad-Hoc|Any CPU
		Ad-Hoc|ARM = Ad-Hoc|ARM
		Ad-Hoc|iPhone = Ad-Hoc|iPhone
		Ad-Hoc|iPhoneSimulator = Ad-Hoc|iPhoneSimulator
		Ad-Hoc|x64 = Ad-Hoc|x64
		Ad-Hoc|x86 = Ad-Hoc|x86
		AppStore|Any CPU = AppStore|Any CPU
		AppStore|ARM = AppStore|ARM
		AppStore|iPhone = AppStore|iPhone
		AppStore|iPhoneSimulator = AppStore|iPhoneSimulator
		AppStore|x64 = AppStore|x64
		AppStore|x86 = AppStore|x86
		Debug|Any CPU = Debug|Any CPU
		Debug|ARM = Debug|ARM
		Debug|iPhone = Debug|iPhone
		Debug|iPhoneSimulator = Debug|iPhoneSimulator
		Debug|x64 = Debug|x64
		Debug|x86 = Debug|x86
		Release|Any CPU = Release|Any CPU
		Release|ARM = Release|ARM
		Release|iPhone = Release|iPhone
		Release|iPhoneSimulator = Release|iPhoneSimulator
		Release|x64 = Release|x64
		Release|x86 = Release|x86
	EndGlobalSection
	GlobalSection(ProjectConfigurationPlatforms) = postSolution
		{F0D02887-1074-4D48-BAAC-075B7EA0BDAE}.Ad-Hoc|Any CPU.ActiveCfg = Release|Any CPU
		{F0D02887-1074-4D48-BAAC-075B7EA0BDAE}.Ad-Hoc|Any CPU.Build.0 = Release|Any CPU
		{F0D02887-1074-4D48-BAAC-075B7EA0BDAE}.Ad-Hoc|ARM.ActiveCfg = Release|Any CPU
		{F0D02887-1074-4D48-BAAC-075B7EA0BDAE}.Ad-Hoc|ARM.Build.0 = Release|Any CPU
		{F0D02887-1074-4D48-BAAC-075B7EA0BDAE}.Ad-Hoc|iPhone.ActiveCfg = Release|Any CPU
		{F0D02887-1074-4D48-BAAC-075B7EA0BDAE}.Ad-Hoc|iPhone.Build.0 = Release|Any CPU
		{F0D02887-1074-4D48-BAAC-075B7EA0BDAE}.Ad-Hoc|iPhoneSimulator.ActiveCfg = Release|Any CPU
		{F0D02887-1074-4D48-BAAC-075B7EA0BDAE}.Ad-Hoc|iPhoneSimulator.Build.0 = Release|Any CPU
		{F0D02887-1074-4D48-BAAC-075B7EA0BDAE}.Ad-Hoc|x64.ActiveCfg = Release|Any CPU
		{F0D02887-1074-4D48-BAAC-075B7EA0BDAE}.Ad-Hoc|x64.Build.0 = Release|Any CPU
		{F0D02887-1074-4D48-BAAC-075B7EA0BDAE}.Ad-Hoc|x86.ActiveCfg = Release|Any CPU
		{F0D02887-1074-4D48-BAAC-075B7EA0BDAE}.Ad-Hoc|x86.Build.0 = Release|Any CPU
		{F0D02887-1074-4D48-BAAC-075B7EA0BDAE}.AppStore|Any CPU.ActiveCfg = Release|Any CPU
		{F0D02887-1074-4D48-BAAC-075B7EA0BDAE}.AppStore|Any CPU.Build.0 = Release|Any CPU
		{F0D02887-1074-4D48-BAAC-075B7EA0BDAE}.AppStore|ARM.ActiveCfg = Release|Any CPU
		{F0D02887-1074-4D48-BAAC-075B7EA0BDAE}.AppStore|ARM.Build.0 = Release|Any CPU
		{F0D02887-1074-4D48-BAAC-075B7EA0BDAE}.AppStore|iPhone.ActiveCfg = Release|Any CPU
		{F0D02887-1074-4D48-BAAC-075B7EA0BDAE}.AppStore|iPhone.Build.0 = Release|Any CPU
		{F0D02887-1074-4D48-BAAC-075B7EA0BDAE}.AppStore|iPhoneSimulator.ActiveCfg = Release|Any CPU
		{F0D02887-1074-4D48-BAAC-075B7EA0BDAE}.AppStore|iPhoneSimulator.Build.0 = Release|Any CPU
		{F0D02887-1074-4D48-BAAC-075B7EA0BDAE}.AppStore|x64.ActiveCfg = Release|Any CPU
		{F0D02887-1074-4D48-BAAC-075B7EA0BDAE}.AppStore|x64.Build.0 = Release|Any CPU
		{F0D02887-1074-4D48-BAAC-075B7EA0BDAE}.AppStore|x86.ActiveCfg = Release|Any CPU
		{F0D02887-1074-4D48-BAAC-075B7EA0BDAE}.AppStore|x86.Build.0 = Release|Any CPU
		{F0D02887-1074-4D48-BAAC-075B7EA0BDAE}.Debug|Any CPU.ActiveCfg = Debug|Any CPU
		{F0D02887-1074-4D48-BAAC-075B7EA0BDAE}.Debug|Any CPU.Build.0 = Debug|Any CPU
		{F0D02887-1074-4D48-BAAC-075B7EA0BDAE}.Debug|ARM.ActiveCfg = Debug|Any CPU
		{F0D02887-1074-4D48-BAAC-075B7EA0BDAE}.Debug|ARM.Build.0 = Debug|Any CPU
		{F0D02887-1074-4D48-BAAC-075B7EA0BDAE}.Debug|iPhone.ActiveCfg = Debug|Any CPU
		{F0D02887-1074-4D48-BAAC-075B7EA0BDAE}.Debug|iPhone.Build.0 = Debug|Any CPU
		{F0D02887-1074-4D48-BAAC-075B7EA0BDAE}.Debug|iPhoneSimulator.ActiveCfg = Debug|Any CPU
		{F0D02887-1074-4D48-BAAC-075B7EA0BDAE}.Debug|iPhoneSimulator.Build.0 = Debug|Any CPU
		{F0D02887-1074-4D48-BAAC-075B7EA0BDAE}.Debug|x64.ActiveCfg = Debug|Any CPU
		{F0D02887-1074-4D48-BAAC-075B7EA0BDAE}.Debug|x64.Build.0 = Debug|Any CPU
		{F0D02887-1074-4D48-BAAC-075B7EA0BDAE}.Debug|x86.ActiveCfg = Debug|Any CPU
		{F0D02887-1074-4D48-BAAC-075B7EA0BDAE}.Debug|x86.Build.0 = Debug|Any CPU
		{F0D02887-1074-4D48-BAAC-075B7EA0BDAE}.Release|Any CPU.ActiveCfg = Release|Any CPU
		{F0D02887-1074-4D48-BAAC-075B7EA0BDAE}.Release|Any CPU.Build.0 = Release|Any CPU
		{F0D02887-1074-4D48-BAAC-075B7EA0BDAE}.Release|ARM.ActiveCfg = Release|Any CPU
		{F0D02887-1074-4D48-BAAC-075B7EA0BDAE}.Release|ARM.Build.0 = Release|Any CPU
		{F0D02887-1074-4D48-BAAC-075B7EA0BDAE}.Release|iPhone.ActiveCfg = Release|Any CPU
		{F0D02887-1074-4D48-BAAC-075B7EA0BDAE}.Release|iPhone.Build.0 = Release|Any CPU
		{F0D02887-1074-4D48-BAAC-075B7EA0BDAE}.Release|iPhoneSimulator.ActiveCfg = Release|Any CPU
		{F0D02887-1074-4D48-BAAC-075B7EA0BDAE}.Release|iPhoneSimulator.Build.0 = Release|Any CPU
		{F0D02887-1074-4D48-BAAC-075B7EA0BDAE}.Release|x64.ActiveCfg = Release|Any CPU
		{F0D02887-1074-4D48-BAAC-075B7EA0BDAE}.Release|x64.Build.0 = Release|Any CPU
		{F0D02887-1074-4D48-BAAC-075B7EA0BDAE}.Release|x86.ActiveCfg = Release|Any CPU
		{F0D02887-1074-4D48-BAAC-075B7EA0BDAE}.Release|x86.Build.0 = Release|Any CPU
		{C0772BAA-9FCA-427E-8327-FA4A9B6FBC27}.Ad-Hoc|Any CPU.ActiveCfg = Release|Any CPU
		{C0772BAA-9FCA-427E-8327-FA4A9B6FBC27}.Ad-Hoc|Any CPU.Build.0 = Release|Any CPU
		{C0772BAA-9FCA-427E-8327-FA4A9B6FBC27}.Ad-Hoc|Any CPU.Deploy.0 = Release|Any CPU
		{C0772BAA-9FCA-427E-8327-FA4A9B6FBC27}.Ad-Hoc|ARM.ActiveCfg = Release|Any CPU
		{C0772BAA-9FCA-427E-8327-FA4A9B6FBC27}.Ad-Hoc|ARM.Build.0 = Release|Any CPU
		{C0772BAA-9FCA-427E-8327-FA4A9B6FBC27}.Ad-Hoc|ARM.Deploy.0 = Release|Any CPU
		{C0772BAA-9FCA-427E-8327-FA4A9B6FBC27}.Ad-Hoc|iPhone.ActiveCfg = Release|Any CPU
		{C0772BAA-9FCA-427E-8327-FA4A9B6FBC27}.Ad-Hoc|iPhone.Build.0 = Release|Any CPU
		{C0772BAA-9FCA-427E-8327-FA4A9B6FBC27}.Ad-Hoc|iPhone.Deploy.0 = Release|Any CPU
		{C0772BAA-9FCA-427E-8327-FA4A9B6FBC27}.Ad-Hoc|iPhoneSimulator.ActiveCfg = Release|Any CPU
		{C0772BAA-9FCA-427E-8327-FA4A9B6FBC27}.Ad-Hoc|iPhoneSimulator.Build.0 = Release|Any CPU
		{C0772BAA-9FCA-427E-8327-FA4A9B6FBC27}.Ad-Hoc|iPhoneSimulator.Deploy.0 = Release|Any CPU
		{C0772BAA-9FCA-427E-8327-FA4A9B6FBC27}.Ad-Hoc|x64.ActiveCfg = Release|Any CPU
		{C0772BAA-9FCA-427E-8327-FA4A9B6FBC27}.Ad-Hoc|x64.Build.0 = Release|Any CPU
		{C0772BAA-9FCA-427E-8327-FA4A9B6FBC27}.Ad-Hoc|x64.Deploy.0 = Release|Any CPU
		{C0772BAA-9FCA-427E-8327-FA4A9B6FBC27}.Ad-Hoc|x86.ActiveCfg = Release|Any CPU
		{C0772BAA-9FCA-427E-8327-FA4A9B6FBC27}.Ad-Hoc|x86.Build.0 = Release|Any CPU
		{C0772BAA-9FCA-427E-8327-FA4A9B6FBC27}.Ad-Hoc|x86.Deploy.0 = Release|Any CPU
		{C0772BAA-9FCA-427E-8327-FA4A9B6FBC27}.AppStore|Any CPU.ActiveCfg = Release|Any CPU
		{C0772BAA-9FCA-427E-8327-FA4A9B6FBC27}.AppStore|Any CPU.Build.0 = Release|Any CPU
		{C0772BAA-9FCA-427E-8327-FA4A9B6FBC27}.AppStore|Any CPU.Deploy.0 = Release|Any CPU
		{C0772BAA-9FCA-427E-8327-FA4A9B6FBC27}.AppStore|ARM.ActiveCfg = Release|Any CPU
		{C0772BAA-9FCA-427E-8327-FA4A9B6FBC27}.AppStore|ARM.Build.0 = Release|Any CPU
		{C0772BAA-9FCA-427E-8327-FA4A9B6FBC27}.AppStore|ARM.Deploy.0 = Release|Any CPU
		{C0772BAA-9FCA-427E-8327-FA4A9B6FBC27}.AppStore|iPhone.ActiveCfg = Release|Any CPU
		{C0772BAA-9FCA-427E-8327-FA4A9B6FBC27}.AppStore|iPhone.Build.0 = Release|Any CPU
		{C0772BAA-9FCA-427E-8327-FA4A9B6FBC27}.AppStore|iPhone.Deploy.0 = Release|Any CPU
		{C0772BAA-9FCA-427E-8327-FA4A9B6FBC27}.AppStore|iPhoneSimulator.ActiveCfg = Release|Any CPU
		{C0772BAA-9FCA-427E-8327-FA4A9B6FBC27}.AppStore|iPhoneSimulator.Build.0 = Release|Any CPU
		{C0772BAA-9FCA-427E-8327-FA4A9B6FBC27}.AppStore|iPhoneSimulator.Deploy.0 = Release|Any CPU
		{C0772BAA-9FCA-427E-8327-FA4A9B6FBC27}.AppStore|x64.ActiveCfg = Release|Any CPU
		{C0772BAA-9FCA-427E-8327-FA4A9B6FBC27}.AppStore|x64.Build.0 = Release|Any CPU
		{C0772BAA-9FCA-427E-8327-FA4A9B6FBC27}.AppStore|x64.Deploy.0 = Release|Any CPU
		{C0772BAA-9FCA-427E-8327-FA4A9B6FBC27}.AppStore|x86.ActiveCfg = Release|Any CPU
		{C0772BAA-9FCA-427E-8327-FA4A9B6FBC27}.AppStore|x86.Build.0 = Release|Any CPU
		{C0772BAA-9FCA-427E-8327-FA4A9B6FBC27}.AppStore|x86.Deploy.0 = Release|Any CPU
		{C0772BAA-9FCA-427E-8327-FA4A9B6FBC27}.Debug|Any CPU.ActiveCfg = Debug|Any CPU
		{C0772BAA-9FCA-427E-8327-FA4A9B6FBC27}.Debug|Any CPU.Build.0 = Debug|Any CPU
		{C0772BAA-9FCA-427E-8327-FA4A9B6FBC27}.Debug|Any CPU.Deploy.0 = Debug|Any CPU
		{C0772BAA-9FCA-427E-8327-FA4A9B6FBC27}.Debug|ARM.ActiveCfg = Debug|Any CPU
		{C0772BAA-9FCA-427E-8327-FA4A9B6FBC27}.Debug|ARM.Build.0 = Debug|Any CPU
		{C0772BAA-9FCA-427E-8327-FA4A9B6FBC27}.Debug|ARM.Deploy.0 = Debug|Any CPU
		{C0772BAA-9FCA-427E-8327-FA4A9B6FBC27}.Debug|iPhone.ActiveCfg = Debug|Any CPU
		{C0772BAA-9FCA-427E-8327-FA4A9B6FBC27}.Debug|iPhone.Build.0 = Debug|Any CPU
		{C0772BAA-9FCA-427E-8327-FA4A9B6FBC27}.Debug|iPhone.Deploy.0 = Debug|Any CPU
		{C0772BAA-9FCA-427E-8327-FA4A9B6FBC27}.Debug|iPhoneSimulator.ActiveCfg = Debug|Any CPU
		{C0772BAA-9FCA-427E-8327-FA4A9B6FBC27}.Debug|iPhoneSimulator.Build.0 = Debug|Any CPU
		{C0772BAA-9FCA-427E-8327-FA4A9B6FBC27}.Debug|iPhoneSimulator.Deploy.0 = Debug|Any CPU
		{C0772BAA-9FCA-427E-8327-FA4A9B6FBC27}.Debug|x64.ActiveCfg = Debug|Any CPU
		{C0772BAA-9FCA-427E-8327-FA4A9B6FBC27}.Debug|x64.Build.0 = Debug|Any CPU
		{C0772BAA-9FCA-427E-8327-FA4A9B6FBC27}.Debug|x64.Deploy.0 = Debug|Any CPU
		{C0772BAA-9FCA-427E-8327-FA4A9B6FBC27}.Debug|x86.ActiveCfg = Debug|Any CPU
		{C0772BAA-9FCA-427E-8327-FA4A9B6FBC27}.Debug|x86.Build.0 = Debug|Any CPU
		{C0772BAA-9FCA-427E-8327-FA4A9B6FBC27}.Debug|x86.Deploy.0 = Debug|Any CPU
		{C0772BAA-9FCA-427E-8327-FA4A9B6FBC27}.Release|Any CPU.ActiveCfg = Release|Any CPU
		{C0772BAA-9FCA-427E-8327-FA4A9B6FBC27}.Release|Any CPU.Build.0 = Release|Any CPU
		{C0772BAA-9FCA-427E-8327-FA4A9B6FBC27}.Release|Any CPU.Deploy.0 = Release|Any CPU
		{C0772BAA-9FCA-427E-8327-FA4A9B6FBC27}.Release|ARM.ActiveCfg = Release|Any CPU
		{C0772BAA-9FCA-427E-8327-FA4A9B6FBC27}.Release|ARM.Build.0 = Release|Any CPU
		{C0772BAA-9FCA-427E-8327-FA4A9B6FBC27}.Release|ARM.Deploy.0 = Release|Any CPU
		{C0772BAA-9FCA-427E-8327-FA4A9B6FBC27}.Release|iPhone.ActiveCfg = Release|Any CPU
		{C0772BAA-9FCA-427E-8327-FA4A9B6FBC27}.Release|iPhone.Build.0 = Release|Any CPU
		{C0772BAA-9FCA-427E-8327-FA4A9B6FBC27}.Release|iPhone.Deploy.0 = Release|Any CPU
		{C0772BAA-9FCA-427E-8327-FA4A9B6FBC27}.Release|iPhoneSimulator.ActiveCfg = Release|Any CPU
		{C0772BAA-9FCA-427E-8327-FA4A9B6FBC27}.Release|iPhoneSimulator.Build.0 = Release|Any CPU
		{C0772BAA-9FCA-427E-8327-FA4A9B6FBC27}.Release|iPhoneSimulator.Deploy.0 = Release|Any CPU
		{C0772BAA-9FCA-427E-8327-FA4A9B6FBC27}.Release|x64.ActiveCfg = Release|Any CPU
		{C0772BAA-9FCA-427E-8327-FA4A9B6FBC27}.Release|x64.Build.0 = Release|Any CPU
		{C0772BAA-9FCA-427E-8327-FA4A9B6FBC27}.Release|x64.Deploy.0 = Release|Any CPU
		{C0772BAA-9FCA-427E-8327-FA4A9B6FBC27}.Release|x86.ActiveCfg = Release|Any CPU
		{C0772BAA-9FCA-427E-8327-FA4A9B6FBC27}.Release|x86.Build.0 = Release|Any CPU
		{C0772BAA-9FCA-427E-8327-FA4A9B6FBC27}.Release|x86.Deploy.0 = Release|Any CPU
		{07E905C3-2D6D-4772-BFFE-4D6606820F73}.Ad-Hoc|Any CPU.ActiveCfg = Release|Any CPU
		{07E905C3-2D6D-4772-BFFE-4D6606820F73}.Ad-Hoc|Any CPU.Build.0 = Release|Any CPU
		{07E905C3-2D6D-4772-BFFE-4D6606820F73}.Ad-Hoc|ARM.ActiveCfg = Release|Any CPU
		{07E905C3-2D6D-4772-BFFE-4D6606820F73}.Ad-Hoc|ARM.Build.0 = Release|Any CPU
		{07E905C3-2D6D-4772-BFFE-4D6606820F73}.Ad-Hoc|iPhone.ActiveCfg = Release|Any CPU
		{07E905C3-2D6D-4772-BFFE-4D6606820F73}.Ad-Hoc|iPhone.Build.0 = Release|Any CPU
		{07E905C3-2D6D-4772-BFFE-4D6606820F73}.Ad-Hoc|iPhoneSimulator.ActiveCfg = Release|Any CPU
		{07E905C3-2D6D-4772-BFFE-4D6606820F73}.Ad-Hoc|iPhoneSimulator.Build.0 = Release|Any CPU
		{07E905C3-2D6D-4772-BFFE-4D6606820F73}.Ad-Hoc|x64.ActiveCfg = Release|Any CPU
		{07E905C3-2D6D-4772-BFFE-4D6606820F73}.Ad-Hoc|x64.Build.0 = Release|Any CPU
		{07E905C3-2D6D-4772-BFFE-4D6606820F73}.Ad-Hoc|x86.ActiveCfg = Release|Any CPU
		{07E905C3-2D6D-4772-BFFE-4D6606820F73}.Ad-Hoc|x86.Build.0 = Release|Any CPU
		{07E905C3-2D6D-4772-BFFE-4D6606820F73}.AppStore|Any CPU.ActiveCfg = Release|Any CPU
		{07E905C3-2D6D-4772-BFFE-4D6606820F73}.AppStore|Any CPU.Build.0 = Release|Any CPU
		{07E905C3-2D6D-4772-BFFE-4D6606820F73}.AppStore|ARM.ActiveCfg = Release|Any CPU
		{07E905C3-2D6D-4772-BFFE-4D6606820F73}.AppStore|ARM.Build.0 = Release|Any CPU
		{07E905C3-2D6D-4772-BFFE-4D6606820F73}.AppStore|iPhone.ActiveCfg = Release|Any CPU
		{07E905C3-2D6D-4772-BFFE-4D6606820F73}.AppStore|iPhone.Build.0 = Release|Any CPU
		{07E905C3-2D6D-4772-BFFE-4D6606820F73}.AppStore|iPhoneSimulator.ActiveCfg = Release|Any CPU
		{07E905C3-2D6D-4772-BFFE-4D6606820F73}.AppStore|iPhoneSimulator.Build.0 = Release|Any CPU
		{07E905C3-2D6D-4772-BFFE-4D6606820F73}.AppStore|x64.ActiveCfg = Release|Any CPU
		{07E905C3-2D6D-4772-BFFE-4D6606820F73}.AppStore|x64.Build.0 = Release|Any CPU
		{07E905C3-2D6D-4772-BFFE-4D6606820F73}.AppStore|x86.ActiveCfg = Release|Any CPU
		{07E905C3-2D6D-4772-BFFE-4D6606820F73}.AppStore|x86.Build.0 = Release|Any CPU
		{07E905C3-2D6D-4772-BFFE-4D6606820F73}.Debug|Any CPU.ActiveCfg = Debug|Any CPU
		{07E905C3-2D6D-4772-BFFE-4D6606820F73}.Debug|Any CPU.Build.0 = Debug|Any CPU
		{07E905C3-2D6D-4772-BFFE-4D6606820F73}.Debug|ARM.ActiveCfg = Debug|Any CPU
		{07E905C3-2D6D-4772-BFFE-4D6606820F73}.Debug|ARM.Build.0 = Debug|Any CPU
		{07E905C3-2D6D-4772-BFFE-4D6606820F73}.Debug|iPhone.ActiveCfg = Debug|Any CPU
		{07E905C3-2D6D-4772-BFFE-4D6606820F73}.Debug|iPhone.Build.0 = Debug|Any CPU
		{07E905C3-2D6D-4772-BFFE-4D6606820F73}.Debug|iPhoneSimulator.ActiveCfg = Debug|Any CPU
		{07E905C3-2D6D-4772-BFFE-4D6606820F73}.Debug|iPhoneSimulator.Build.0 = Debug|Any CPU
		{07E905C3-2D6D-4772-BFFE-4D6606820F73}.Debug|x64.ActiveCfg = Debug|Any CPU
		{07E905C3-2D6D-4772-BFFE-4D6606820F73}.Debug|x64.Build.0 = Debug|Any CPU
		{07E905C3-2D6D-4772-BFFE-4D6606820F73}.Debug|x86.ActiveCfg = Debug|Any CPU
		{07E905C3-2D6D-4772-BFFE-4D6606820F73}.Debug|x86.Build.0 = Debug|Any CPU
		{07E905C3-2D6D-4772-BFFE-4D6606820F73}.Release|Any CPU.ActiveCfg = Release|Any CPU
		{07E905C3-2D6D-4772-BFFE-4D6606820F73}.Release|Any CPU.Build.0 = Release|Any CPU
		{07E905C3-2D6D-4772-BFFE-4D6606820F73}.Release|ARM.ActiveCfg = Release|Any CPU
		{07E905C3-2D6D-4772-BFFE-4D6606820F73}.Release|ARM.Build.0 = Release|Any CPU
		{07E905C3-2D6D-4772-BFFE-4D6606820F73}.Release|iPhone.ActiveCfg = Release|Any CPU
		{07E905C3-2D6D-4772-BFFE-4D6606820F73}.Release|iPhone.Build.0 = Release|Any CPU
		{07E905C3-2D6D-4772-BFFE-4D6606820F73}.Release|iPhoneSimulator.ActiveCfg = Release|Any CPU
		{07E905C3-2D6D-4772-BFFE-4D6606820F73}.Release|iPhoneSimulator.Build.0 = Release|Any CPU
		{07E905C3-2D6D-4772-BFFE-4D6606820F73}.Release|x64.ActiveCfg = Release|Any CPU
		{07E905C3-2D6D-4772-BFFE-4D6606820F73}.Release|x64.Build.0 = Release|Any CPU
		{07E905C3-2D6D-4772-BFFE-4D6606820F73}.Release|x86.ActiveCfg = Release|Any CPU
		{07E905C3-2D6D-4772-BFFE-4D6606820F73}.Release|x86.Build.0 = Release|Any CPU
		{37930FFA-5B8D-49D9-B68A-77AB9A2742FA}.Ad-Hoc|Any CPU.ActiveCfg = Release|x86
		{37930FFA-5B8D-49D9-B68A-77AB9A2742FA}.Ad-Hoc|Any CPU.Build.0 = Release|x86
		{37930FFA-5B8D-49D9-B68A-77AB9A2742FA}.Ad-Hoc|Any CPU.Deploy.0 = Release|x86
		{37930FFA-5B8D-49D9-B68A-77AB9A2742FA}.Ad-Hoc|ARM.ActiveCfg = Release|ARM
		{37930FFA-5B8D-49D9-B68A-77AB9A2742FA}.Ad-Hoc|ARM.Build.0 = Release|ARM
		{37930FFA-5B8D-49D9-B68A-77AB9A2742FA}.Ad-Hoc|ARM.Deploy.0 = Release|ARM
		{37930FFA-5B8D-49D9-B68A-77AB9A2742FA}.Ad-Hoc|iPhone.ActiveCfg = Release|x86
		{37930FFA-5B8D-49D9-B68A-77AB9A2742FA}.Ad-Hoc|iPhone.Build.0 = Release|x86
		{37930FFA-5B8D-49D9-B68A-77AB9A2742FA}.Ad-Hoc|iPhone.Deploy.0 = Release|x86
		{37930FFA-5B8D-49D9-B68A-77AB9A2742FA}.Ad-Hoc|iPhoneSimulator.ActiveCfg = Release|x86
		{37930FFA-5B8D-49D9-B68A-77AB9A2742FA}.Ad-Hoc|iPhoneSimulator.Build.0 = Release|x86
		{37930FFA-5B8D-49D9-B68A-77AB9A2742FA}.Ad-Hoc|iPhoneSimulator.Deploy.0 = Release|x86
		{37930FFA-5B8D-49D9-B68A-77AB9A2742FA}.Ad-Hoc|x64.ActiveCfg = Release|x64
		{37930FFA-5B8D-49D9-B68A-77AB9A2742FA}.Ad-Hoc|x64.Build.0 = Release|x64
		{37930FFA-5B8D-49D9-B68A-77AB9A2742FA}.Ad-Hoc|x64.Deploy.0 = Release|x64
		{37930FFA-5B8D-49D9-B68A-77AB9A2742FA}.Ad-Hoc|x86.ActiveCfg = Release|x86
		{37930FFA-5B8D-49D9-B68A-77AB9A2742FA}.Ad-Hoc|x86.Build.0 = Release|x86
		{37930FFA-5B8D-49D9-B68A-77AB9A2742FA}.Ad-Hoc|x86.Deploy.0 = Release|x86
		{37930FFA-5B8D-49D9-B68A-77AB9A2742FA}.AppStore|Any CPU.ActiveCfg = Release|x86
		{37930FFA-5B8D-49D9-B68A-77AB9A2742FA}.AppStore|Any CPU.Build.0 = Release|x86
		{37930FFA-5B8D-49D9-B68A-77AB9A2742FA}.AppStore|Any CPU.Deploy.0 = Release|x86
		{37930FFA-5B8D-49D9-B68A-77AB9A2742FA}.AppStore|ARM.ActiveCfg = Release|ARM
		{37930FFA-5B8D-49D9-B68A-77AB9A2742FA}.AppStore|ARM.Build.0 = Release|ARM
		{37930FFA-5B8D-49D9-B68A-77AB9A2742FA}.AppStore|ARM.Deploy.0 = Release|ARM
		{37930FFA-5B8D-49D9-B68A-77AB9A2742FA}.AppStore|iPhone.ActiveCfg = Release|x86
		{37930FFA-5B8D-49D9-B68A-77AB9A2742FA}.AppStore|iPhone.Build.0 = Release|x86
		{37930FFA-5B8D-49D9-B68A-77AB9A2742FA}.AppStore|iPhone.Deploy.0 = Release|x86
		{37930FFA-5B8D-49D9-B68A-77AB9A2742FA}.AppStore|iPhoneSimulator.ActiveCfg = Release|x86
		{37930FFA-5B8D-49D9-B68A-77AB9A2742FA}.AppStore|iPhoneSimulator.Build.0 = Release|x86
		{37930FFA-5B8D-49D9-B68A-77AB9A2742FA}.AppStore|iPhoneSimulator.Deploy.0 = Release|x86
		{37930FFA-5B8D-49D9-B68A-77AB9A2742FA}.AppStore|x64.ActiveCfg = Release|x64
		{37930FFA-5B8D-49D9-B68A-77AB9A2742FA}.AppStore|x64.Build.0 = Release|x64
		{37930FFA-5B8D-49D9-B68A-77AB9A2742FA}.AppStore|x64.Deploy.0 = Release|x64
		{37930FFA-5B8D-49D9-B68A-77AB9A2742FA}.AppStore|x86.ActiveCfg = Release|x86
		{37930FFA-5B8D-49D9-B68A-77AB9A2742FA}.AppStore|x86.Build.0 = Release|x86
		{37930FFA-5B8D-49D9-B68A-77AB9A2742FA}.AppStore|x86.Deploy.0 = Release|x86
		{37930FFA-5B8D-49D9-B68A-77AB9A2742FA}.Debug|Any CPU.ActiveCfg = Debug|x86
		{37930FFA-5B8D-49D9-B68A-77AB9A2742FA}.Debug|ARM.ActiveCfg = Debug|ARM
		{37930FFA-5B8D-49D9-B68A-77AB9A2742FA}.Debug|ARM.Build.0 = Debug|ARM
		{37930FFA-5B8D-49D9-B68A-77AB9A2742FA}.Debug|ARM.Deploy.0 = Debug|ARM
		{37930FFA-5B8D-49D9-B68A-77AB9A2742FA}.Debug|iPhone.ActiveCfg = Debug|x86
		{37930FFA-5B8D-49D9-B68A-77AB9A2742FA}.Debug|iPhoneSimulator.ActiveCfg = Debug|x86
		{37930FFA-5B8D-49D9-B68A-77AB9A2742FA}.Debug|x64.ActiveCfg = Debug|x64
		{37930FFA-5B8D-49D9-B68A-77AB9A2742FA}.Debug|x64.Build.0 = Debug|x64
		{37930FFA-5B8D-49D9-B68A-77AB9A2742FA}.Debug|x64.Deploy.0 = Debug|x64
		{37930FFA-5B8D-49D9-B68A-77AB9A2742FA}.Debug|x86.ActiveCfg = Debug|x86
		{37930FFA-5B8D-49D9-B68A-77AB9A2742FA}.Debug|x86.Build.0 = Debug|x86
		{37930FFA-5B8D-49D9-B68A-77AB9A2742FA}.Debug|x86.Deploy.0 = Debug|x86
		{37930FFA-5B8D-49D9-B68A-77AB9A2742FA}.Release|Any CPU.ActiveCfg = Release|x86
		{37930FFA-5B8D-49D9-B68A-77AB9A2742FA}.Release|ARM.ActiveCfg = Release|ARM
		{37930FFA-5B8D-49D9-B68A-77AB9A2742FA}.Release|ARM.Build.0 = Release|ARM
		{37930FFA-5B8D-49D9-B68A-77AB9A2742FA}.Release|ARM.Deploy.0 = Release|ARM
		{37930FFA-5B8D-49D9-B68A-77AB9A2742FA}.Release|iPhone.ActiveCfg = Release|x86
		{37930FFA-5B8D-49D9-B68A-77AB9A2742FA}.Release|iPhoneSimulator.ActiveCfg = Release|x86
		{37930FFA-5B8D-49D9-B68A-77AB9A2742FA}.Release|x64.ActiveCfg = Release|x64
		{37930FFA-5B8D-49D9-B68A-77AB9A2742FA}.Release|x64.Build.0 = Release|x64
		{37930FFA-5B8D-49D9-B68A-77AB9A2742FA}.Release|x64.Deploy.0 = Release|x64
		{37930FFA-5B8D-49D9-B68A-77AB9A2742FA}.Release|x86.ActiveCfg = Release|x86
		{37930FFA-5B8D-49D9-B68A-77AB9A2742FA}.Release|x86.Build.0 = Release|x86
		{37930FFA-5B8D-49D9-B68A-77AB9A2742FA}.Release|x86.Deploy.0 = Release|x86
		{196DF33C-9581-4055-A544-F14E325E8FD1}.Ad-Hoc|Any CPU.ActiveCfg = Ad-Hoc|iPhone
		{196DF33C-9581-4055-A544-F14E325E8FD1}.Ad-Hoc|ARM.ActiveCfg = Ad-Hoc|iPhone
		{196DF33C-9581-4055-A544-F14E325E8FD1}.Ad-Hoc|iPhone.ActiveCfg = Ad-Hoc|iPhone
		{196DF33C-9581-4055-A544-F14E325E8FD1}.Ad-Hoc|iPhone.Build.0 = Ad-Hoc|iPhone
		{196DF33C-9581-4055-A544-F14E325E8FD1}.Ad-Hoc|iPhoneSimulator.ActiveCfg = Ad-Hoc|iPhoneSimulator
		{196DF33C-9581-4055-A544-F14E325E8FD1}.Ad-Hoc|iPhoneSimulator.Build.0 = Ad-Hoc|iPhoneSimulator
		{196DF33C-9581-4055-A544-F14E325E8FD1}.Ad-Hoc|x64.ActiveCfg = Ad-Hoc|iPhone
		{196DF33C-9581-4055-A544-F14E325E8FD1}.Ad-Hoc|x86.ActiveCfg = Ad-Hoc|iPhone
		{196DF33C-9581-4055-A544-F14E325E8FD1}.AppStore|Any CPU.ActiveCfg = AppStore|iPhone
		{196DF33C-9581-4055-A544-F14E325E8FD1}.AppStore|ARM.ActiveCfg = AppStore|iPhone
		{196DF33C-9581-4055-A544-F14E325E8FD1}.AppStore|iPhone.ActiveCfg = AppStore|iPhone
		{196DF33C-9581-4055-A544-F14E325E8FD1}.AppStore|iPhone.Build.0 = AppStore|iPhone
		{196DF33C-9581-4055-A544-F14E325E8FD1}.AppStore|iPhoneSimulator.ActiveCfg = AppStore|iPhoneSimulator
		{196DF33C-9581-4055-A544-F14E325E8FD1}.AppStore|iPhoneSimulator.Build.0 = AppStore|iPhoneSimulator
		{196DF33C-9581-4055-A544-F14E325E8FD1}.AppStore|x64.ActiveCfg = AppStore|iPhone
		{196DF33C-9581-4055-A544-F14E325E8FD1}.AppStore|x86.ActiveCfg = AppStore|iPhone
		{196DF33C-9581-4055-A544-F14E325E8FD1}.Debug|Any CPU.ActiveCfg = Debug|iPhone
		{196DF33C-9581-4055-A544-F14E325E8FD1}.Debug|ARM.ActiveCfg = Debug|iPhone
		{196DF33C-9581-4055-A544-F14E325E8FD1}.Debug|iPhone.ActiveCfg = Debug|iPhone
		{196DF33C-9581-4055-A544-F14E325E8FD1}.Debug|iPhone.Build.0 = Debug|iPhone
		{196DF33C-9581-4055-A544-F14E325E8FD1}.Debug|iPhoneSimulator.ActiveCfg = Debug|iPhoneSimulator
		{196DF33C-9581-4055-A544-F14E325E8FD1}.Debug|iPhoneSimulator.Build.0 = Debug|iPhoneSimulator
		{196DF33C-9581-4055-A544-F14E325E8FD1}.Debug|x64.ActiveCfg = Debug|iPhone
		{196DF33C-9581-4055-A544-F14E325E8FD1}.Debug|x86.ActiveCfg = Debug|iPhone
		{196DF33C-9581-4055-A544-F14E325E8FD1}.Release|Any CPU.ActiveCfg = Release|iPhone
		{196DF33C-9581-4055-A544-F14E325E8FD1}.Release|ARM.ActiveCfg = Release|iPhone
		{196DF33C-9581-4055-A544-F14E325E8FD1}.Release|iPhone.ActiveCfg = Release|iPhone
		{196DF33C-9581-4055-A544-F14E325E8FD1}.Release|iPhone.Build.0 = Release|iPhone
		{196DF33C-9581-4055-A544-F14E325E8FD1}.Release|iPhoneSimulator.ActiveCfg = Release|iPhoneSimulator
		{196DF33C-9581-4055-A544-F14E325E8FD1}.Release|iPhoneSimulator.Build.0 = Release|iPhoneSimulator
		{196DF33C-9581-4055-A544-F14E325E8FD1}.Release|x64.ActiveCfg = Release|iPhone
		{196DF33C-9581-4055-A544-F14E325E8FD1}.Release|x86.ActiveCfg = Release|iPhone
	EndGlobalSection
	GlobalSection(SolutionProperties) = preSolution
		HideSolutionNode = FALSE
	EndGlobalSection
	GlobalSection(NestedProjects) = preSolution
		{F0D02887-1074-4D48-BAAC-075B7EA0BDAE} = {688ABB33-F21E-49A9-A880-31C2F401A633}
		{C0772BAA-9FCA-427E-8327-FA4A9B6FBC27} = {F300D51F-BFB4-4CA9-8346-3A6854E69B66}
		{07E905C3-2D6D-4772-BFFE-4D6606820F73} = {F300D51F-BFB4-4CA9-8346-3A6854E69B66}
		{37930FFA-5B8D-49D9-B68A-77AB9A2742FA} = {F300D51F-BFB4-4CA9-8346-3A6854E69B66}
		{196DF33C-9581-4055-A544-F14E325E8FD1} = {F300D51F-BFB4-4CA9-8346-3A6854E69B66}
	EndGlobalSection
EndGlobal
